
Microsoft Visual Studio Solution File, Format Version 12.00
# Visual Studio Version 16
VisualStudioVersion = 16.0.29609.76
MinimumVisualStudioVersion = 10.0.40219.1
Project("{FAE04EC0-301F-11D3-BF4B-00C04F79EFBC}") = "XYH.Tools", "XYH.Tools\XYH.Tools.csproj", "{CE0DEF3C-F94A-41FB-9420-AE5610F02B7F}"
EndProject
Project("{FAE04EC0-301F-11D3-BF4B-00C04F79EFBC}") = "XYH.Tools.DateTimeTools", "XYH.Tools.DateTime\XYH.Tools.DateTimeTools.csproj", "{6B8F33C8-C16D-42D8-9B9A-6006B572F97A}"
EndProject
Global
	GlobalSection(SolutionConfigurationPlatforms) = preSolution
		Debug|Any CPU = Debug|Any CPU
		Release|Any CPU = Release|Any CPU
	EndGlobalSection
	GlobalSection(ProjectConfigurationPlatforms) = postSolution
		{CE0DEF3C-F94A-41FB-9420-AE5610F02B7F}.Debug|Any CPU.ActiveCfg = Debug|Any CPU
		{CE0DEF3C-F94A-41FB-9420-AE5610F02B7F}.Debug|Any CPU.Build.0 = Debug|Any CPU
		{CE0DEF3C-F94A-41FB-9420-AE5610F02B7F}.Release|Any CPU.ActiveCfg = Release|Any CPU
		{CE0DEF3C-F94A-41FB-9420-AE5610F02B7F}.Release|Any CPU.Build.0 = Release|Any CPU
		{6B8F33C8-C16D-42D8-9B9A-6006B572F97A}.Debug|Any CPU.ActiveCfg = Debug|Any CPU
		{6B8F33C8-C16D-42D8-9B9A-6006B572F97A}.Debug|Any CPU.Build.0 = Debug|Any CPU
		{6B8F33C8-C16D-42D8-9B9A-6006B572F97A}.Release|Any CPU.ActiveCfg = Release|Any CPU
		{6B8F33C8-C16D-42D8-9B9A-6006B572F97A}.Release|Any CPU.Build.0 = Release|Any CPU
	EndGlobalSection
	GlobalSection(SolutionProperties) = preSolution
		HideSolutionNode = FALSE
	EndGlobalSection
	GlobalSection(ExtensibilityGlobals) = postSolution
		SolutionGuid = {EDF23CDC-C589-473B-82FE-03563BFED3D7}
	EndGlobalSection
EndGlobal
